
Microsoft Visual Studio Solution File, Format Version 12.00
# Visual Studio 2013
VisualStudioVersion = 12.0.21005.1
MinimumVisualStudioVersion = 10.0.40219.1
Project("{FAE04EC0-301F-11D3-BF4B-00C04F79EFBC}") = "LoggerTest", "Logger\LoggerTest.csproj", "{EC8D7AAC-4D46-4451-A02F-31F69A4A5F85}"
EndProject
Project("{FAE04EC0-301F-11D3-BF4B-00C04F79EFBC}") = "SOLIDLogger", "SOLIDLogger\SOLIDLogger.csproj", "{B4C5E872-BFA7-4BDC-BB3D-695C58401544}"
EndProject
Global
	GlobalSection(SolutionConfigurationPlatforms) = preSolution
		Debug|Any CPU = Debug|Any CPU
		Release|Any CPU = Release|Any CPU
	EndGlobalSection
	GlobalSection(ProjectConfigurationPlatforms) = postSolution
		{EC8D7AAC-4D46-4451-A02F-31F69A4A5F85}.Debug|Any CPU.ActiveCfg = Debug|Any CPU
		{EC8D7AAC-4D46-4451-A02F-31F69A4A5F85}.Debug|Any CPU.Build.0 = Debug|Any CPU
		{EC8D7AAC-4D46-4451-A02F-31F69A4A5F85}.Release|Any CPU.ActiveCfg = Release|Any CPU
		{EC8D7AAC-4D46-4451-A02F-31F69A4A5F85}.Release|Any CPU.Build.0 = Release|Any CPU
		{B4C5E872-BFA7-4BDC-BB3D-695C58401544}.Debug|Any CPU.ActiveCfg = Debug|Any CPU
		{B4C5E872-BFA7-4BDC-BB3D-695C58401544}.Debug|Any CPU.Build.0 = Debug|Any CPU
		{B4C5E872-BFA7-4BDC-BB3D-695C58401544}.Release|Any CPU.ActiveCfg = Release|Any CPU
		{B4C5E872-BFA7-4BDC-BB3D-695C58401544}.Release|Any CPU.Build.0 = Release|Any CPU
	EndGlobalSection
	GlobalSection(SolutionProperties) = preSolution
		HideSolutionNode = FALSE
	EndGlobalSection
EndGlobal
