
Microsoft Visual Studio Solution File, Format Version 12.00
# Visual Studio 2013
VisualStudioVersion = 12.0.21005.1
MinimumVisualStudioVersion = 10.0.40219.1
Project("{FAE04EC0-301F-11D3-BF4B-00C04F79EFBC}") = "Human Student and Worker", "Human Student and Worker\Human Student and Worker.csproj", "{FF3D0693-57AD-4618-8EF4-AD9B12CAAC85}"
EndProject
Project("{FAE04EC0-301F-11D3-BF4B-00C04F79EFBC}") = "Animals", "Animals\Animals.csproj", "{B56B4935-DDFC-4353-BF41-6131B3C105C9}"
EndProject
Project("{FAE04EC0-301F-11D3-BF4B-00C04F79EFBC}") = "Company Hierarchy", "Company Hierarchy\Company Hierarchy.csproj", "{461766E0-607A-4028-851E-71E6335142A8}"
EndProject
Global
	GlobalSection(SolutionConfigurationPlatforms) = preSolution
		Debug|Any CPU = Debug|Any CPU
		Release|Any CPU = Release|Any CPU
	EndGlobalSection
	GlobalSection(ProjectConfigurationPlatforms) = postSolution
		{FF3D0693-57AD-4618-8EF4-AD9B12CAAC85}.Debug|Any CPU.ActiveCfg = Debug|Any CPU
		{FF3D0693-57AD-4618-8EF4-AD9B12CAAC85}.Debug|Any CPU.Build.0 = Debug|Any CPU
		{FF3D0693-57AD-4618-8EF4-AD9B12CAAC85}.Release|Any CPU.ActiveCfg = Release|Any CPU
		{FF3D0693-57AD-4618-8EF4-AD9B12CAAC85}.Release|Any CPU.Build.0 = Release|Any CPU
		{B56B4935-DDFC-4353-BF41-6131B3C105C9}.Debug|Any CPU.ActiveCfg = Debug|Any CPU
		{B56B4935-DDFC-4353-BF41-6131B3C105C9}.Debug|Any CPU.Build.0 = Debug|Any CPU
		{B56B4935-DDFC-4353-BF41-6131B3C105C9}.Release|Any CPU.ActiveCfg = Release|Any CPU
		{B56B4935-DDFC-4353-BF41-6131B3C105C9}.Release|Any CPU.Build.0 = Release|Any CPU
		{461766E0-607A-4028-851E-71E6335142A8}.Debug|Any CPU.ActiveCfg = Debug|Any CPU
		{461766E0-607A-4028-851E-71E6335142A8}.Debug|Any CPU.Build.0 = Debug|Any CPU
		{461766E0-607A-4028-851E-71E6335142A8}.Release|Any CPU.ActiveCfg = Release|Any CPU
		{461766E0-607A-4028-851E-71E6335142A8}.Release|Any CPU.Build.0 = Release|Any CPU
	EndGlobalSection
	GlobalSection(SolutionProperties) = preSolution
		HideSolutionNode = FALSE
	EndGlobalSection
EndGlobal
